
Microsoft Visual Studio Solution File, Format Version 12.00
# Visual Studio Version 17
VisualStudioVersion = 17.5.002.0
MinimumVisualStudioVersion = 10.0.40219.1
Project("{9A19103F-16F7-4668-BE54-9A1E7A4F7556}") = "Lec30", "Lec30.csproj", "{46B7CBFF-4EBD-4400-B4B3-CF5101979124}"
EndProject
Global
	GlobalSection(SolutionConfigurationPlatforms) = preSolution
		Debug|Any CPU = Debug|Any CPU
		Release|Any CPU = Release|Any CPU
	EndGlobalSection
	GlobalSection(ProjectConfigurationPlatforms) = postSolution
		{46B7CBFF-4EBD-4400-B4B3-CF5101979124}.Debug|Any CPU.ActiveCfg = Debug|Any CPU
		{46B7CBFF-4EBD-4400-B4B3-CF5101979124}.Debug|Any CPU.Build.0 = Debug|Any CPU
		{46B7CBFF-4EBD-4400-B4B3-CF5101979124}.Release|Any CPU.ActiveCfg = Release|Any CPU
		{46B7CBFF-4EBD-4400-B4B3-CF5101979124}.Release|Any CPU.Build.0 = Release|Any CPU
	EndGlobalSection
	GlobalSection(SolutionProperties) = preSolution
		HideSolutionNode = FALSE
	EndGlobalSection
	GlobalSection(ExtensibilityGlobals) = postSolution
		SolutionGuid = {F265AA43-9259-4AF0-A0C5-A3C8EF2588C5}
	EndGlobalSection
EndGlobal
