
Microsoft Visual Studio Solution File, Format Version 12.00
# Visual Studio Version 17
VisualStudioVersion = 17.5.002.0
MinimumVisualStudioVersion = 10.0.40219.1
Project("{9A19103F-16F7-4668-BE54-9A1E7A4F7556}") = "lec07", "lec07.csproj", "{BD6E5C5D-0856-4A93-9556-AFD67F24B991}"
EndProject
Project("{FAE04EC0-301F-11D3-BF4B-00C04F79EFBC}") = "lec08", "lec08\lec08.csproj", "{664D67A6-AC32-4D4E-B5CE-03C7112B083D}"
EndProject
Global
	GlobalSection(SolutionConfigurationPlatforms) = preSolution
		Debug|Any CPU = Debug|Any CPU
		Release|Any CPU = Release|Any CPU
	EndGlobalSection
	GlobalSection(ProjectConfigurationPlatforms) = postSolution
		{BD6E5C5D-0856-4A93-9556-AFD67F24B991}.Debug|Any CPU.ActiveCfg = Debug|Any CPU
		{BD6E5C5D-0856-4A93-9556-AFD67F24B991}.Debug|Any CPU.Build.0 = Debug|Any CPU
		{BD6E5C5D-0856-4A93-9556-AFD67F24B991}.Release|Any CPU.ActiveCfg = Release|Any CPU
		{BD6E5C5D-0856-4A93-9556-AFD67F24B991}.Release|Any CPU.Build.0 = Release|Any CPU
		{664D67A6-AC32-4D4E-B5CE-03C7112B083D}.Debug|Any CPU.ActiveCfg = Debug|Any CPU
		{664D67A6-AC32-4D4E-B5CE-03C7112B083D}.Debug|Any CPU.Build.0 = Debug|Any CPU
		{664D67A6-AC32-4D4E-B5CE-03C7112B083D}.Release|Any CPU.ActiveCfg = Release|Any CPU
		{664D67A6-AC32-4D4E-B5CE-03C7112B083D}.Release|Any CPU.Build.0 = Release|Any CPU
	EndGlobalSection
	GlobalSection(SolutionProperties) = preSolution
		HideSolutionNode = FALSE
	EndGlobalSection
	GlobalSection(ExtensibilityGlobals) = postSolution
		SolutionGuid = {40013A0E-7F23-4D7A-A3D2-9CCAAFBDD9A1}
	EndGlobalSection
EndGlobal
