
Microsoft Visual Studio Solution File, Format Version 12.00
# Visual Studio Version 17
VisualStudioVersion = 17.5.002.0
MinimumVisualStudioVersion = 10.0.40219.1
Project("{9A19103F-16F7-4668-BE54-9A1E7A4F7556}") = "lec14", "lec14.csproj", "{A5A0AF5E-BE79-4B8E-8518-A3AF1FE4C709}"
EndProject
Global
	GlobalSection(SolutionConfigurationPlatforms) = preSolution
		Debug|Any CPU = Debug|Any CPU
		Release|Any CPU = Release|Any CPU
	EndGlobalSection
	GlobalSection(ProjectConfigurationPlatforms) = postSolution
		{A5A0AF5E-BE79-4B8E-8518-A3AF1FE4C709}.Debug|Any CPU.ActiveCfg = Debug|Any CPU
		{A5A0AF5E-BE79-4B8E-8518-A3AF1FE4C709}.Debug|Any CPU.Build.0 = Debug|Any CPU
		{A5A0AF5E-BE79-4B8E-8518-A3AF1FE4C709}.Release|Any CPU.ActiveCfg = Release|Any CPU
		{A5A0AF5E-BE79-4B8E-8518-A3AF1FE4C709}.Release|Any CPU.Build.0 = Release|Any CPU
	EndGlobalSection
	GlobalSection(SolutionProperties) = preSolution
		HideSolutionNode = FALSE
	EndGlobalSection
	GlobalSection(ExtensibilityGlobals) = postSolution
		SolutionGuid = {70578077-E4CE-492F-9F65-BA98A53BB971}
	EndGlobalSection
EndGlobal
