
Microsoft Visual Studio Solution File, Format Version 12.00
# Visual Studio Version 17
VisualStudioVersion = 17.5.002.0
MinimumVisualStudioVersion = 10.0.40219.1
Project("{9A19103F-16F7-4668-BE54-9A1E7A4F7556}") = "Lec19", "Lec19.csproj", "{DDD04C15-BE98-45E5-878B-824570CBAFCE}"
EndProject
Global
	GlobalSection(SolutionConfigurationPlatforms) = preSolution
		Debug|Any CPU = Debug|Any CPU
		Release|Any CPU = Release|Any CPU
	EndGlobalSection
	GlobalSection(ProjectConfigurationPlatforms) = postSolution
		{DDD04C15-BE98-45E5-878B-824570CBAFCE}.Debug|Any CPU.ActiveCfg = Debug|Any CPU
		{DDD04C15-BE98-45E5-878B-824570CBAFCE}.Debug|Any CPU.Build.0 = Debug|Any CPU
		{DDD04C15-BE98-45E5-878B-824570CBAFCE}.Release|Any CPU.ActiveCfg = Release|Any CPU
		{DDD04C15-BE98-45E5-878B-824570CBAFCE}.Release|Any CPU.Build.0 = Release|Any CPU
	EndGlobalSection
	GlobalSection(SolutionProperties) = preSolution
		HideSolutionNode = FALSE
	EndGlobalSection
	GlobalSection(ExtensibilityGlobals) = postSolution
		SolutionGuid = {EB771B32-0425-4123-926F-C8F69D03C3E7}
	EndGlobalSection
EndGlobal
