
Microsoft Visual Studio Solution File, Format Version 12.00
# Visual Studio Version 17
VisualStudioVersion = 17.5.002.0
MinimumVisualStudioVersion = 10.0.40219.1
Project("{9A19103F-16F7-4668-BE54-9A1E7A4F7556}") = "Lec15", "Lec15.csproj", "{481A8F24-D569-4E58-96BA-4B8DA467F959}"
EndProject
Project("{FAE04EC0-301F-11D3-BF4B-00C04F79EFBC}") = "lec16", "..\lec16\lec16.csproj", "{261D6566-2869-4F85-847D-BA85D1B4523F}"
EndProject
Global
	GlobalSection(SolutionConfigurationPlatforms) = preSolution
		Debug|Any CPU = Debug|Any CPU
		Release|Any CPU = Release|Any CPU
	EndGlobalSection
	GlobalSection(ProjectConfigurationPlatforms) = postSolution
		{481A8F24-D569-4E58-96BA-4B8DA467F959}.Debug|Any CPU.ActiveCfg = Debug|Any CPU
		{481A8F24-D569-4E58-96BA-4B8DA467F959}.Debug|Any CPU.Build.0 = Debug|Any CPU
		{481A8F24-D569-4E58-96BA-4B8DA467F959}.Release|Any CPU.ActiveCfg = Release|Any CPU
		{481A8F24-D569-4E58-96BA-4B8DA467F959}.Release|Any CPU.Build.0 = Release|Any CPU
		{261D6566-2869-4F85-847D-BA85D1B4523F}.Debug|Any CPU.ActiveCfg = Debug|Any CPU
		{261D6566-2869-4F85-847D-BA85D1B4523F}.Debug|Any CPU.Build.0 = Debug|Any CPU
		{261D6566-2869-4F85-847D-BA85D1B4523F}.Release|Any CPU.ActiveCfg = Release|Any CPU
		{261D6566-2869-4F85-847D-BA85D1B4523F}.Release|Any CPU.Build.0 = Release|Any CPU
	EndGlobalSection
	GlobalSection(SolutionProperties) = preSolution
		HideSolutionNode = FALSE
	EndGlobalSection
	GlobalSection(ExtensibilityGlobals) = postSolution
		SolutionGuid = {8F267D67-3E7E-4281-8167-144C4A908D54}
	EndGlobalSection
EndGlobal
