
Microsoft Visual Studio Solution File, Format Version 12.00
# Visual Studio Version 17
VisualStudioVersion = 17.5.002.0
MinimumVisualStudioVersion = 10.0.40219.1
Project("{9A19103F-16F7-4668-BE54-9A1E7A4F7556}") = "Lec23", "Lec23.csproj", "{DFBCA832-584D-45D3-84B8-DDA4D2F35A45}"
EndProject
Global
	GlobalSection(SolutionConfigurationPlatforms) = preSolution
		Debug|Any CPU = Debug|Any CPU
		Release|Any CPU = Release|Any CPU
	EndGlobalSection
	GlobalSection(ProjectConfigurationPlatforms) = postSolution
		{DFBCA832-584D-45D3-84B8-DDA4D2F35A45}.Debug|Any CPU.ActiveCfg = Debug|Any CPU
		{DFBCA832-584D-45D3-84B8-DDA4D2F35A45}.Debug|Any CPU.Build.0 = Debug|Any CPU
		{DFBCA832-584D-45D3-84B8-DDA4D2F35A45}.Release|Any CPU.ActiveCfg = Release|Any CPU
		{DFBCA832-584D-45D3-84B8-DDA4D2F35A45}.Release|Any CPU.Build.0 = Release|Any CPU
	EndGlobalSection
	GlobalSection(SolutionProperties) = preSolution
		HideSolutionNode = FALSE
	EndGlobalSection
	GlobalSection(ExtensibilityGlobals) = postSolution
		SolutionGuid = {7D508DAA-A996-47AF-B029-4F959DA8A2B8}
	EndGlobalSection
EndGlobal
