
Microsoft Visual Studio Solution File, Format Version 12.00
# Visual Studio Version 17
VisualStudioVersion = 17.5.002.0
MinimumVisualStudioVersion = 10.0.40219.1
Project("{9A19103F-16F7-4668-BE54-9A1E7A4F7556}") = "Lec21", "Lec21.csproj", "{21434A50-8590-4409-8A45-8FDA28E73854}"
EndProject
Global
	GlobalSection(SolutionConfigurationPlatforms) = preSolution
		Debug|Any CPU = Debug|Any CPU
		Release|Any CPU = Release|Any CPU
	EndGlobalSection
	GlobalSection(ProjectConfigurationPlatforms) = postSolution
		{21434A50-8590-4409-8A45-8FDA28E73854}.Debug|Any CPU.ActiveCfg = Debug|Any CPU
		{21434A50-8590-4409-8A45-8FDA28E73854}.Debug|Any CPU.Build.0 = Debug|Any CPU
		{21434A50-8590-4409-8A45-8FDA28E73854}.Release|Any CPU.ActiveCfg = Release|Any CPU
		{21434A50-8590-4409-8A45-8FDA28E73854}.Release|Any CPU.Build.0 = Release|Any CPU
	EndGlobalSection
	GlobalSection(SolutionProperties) = preSolution
		HideSolutionNode = FALSE
	EndGlobalSection
	GlobalSection(ExtensibilityGlobals) = postSolution
		SolutionGuid = {850E8001-2074-49F8-BDC2-1BCA5E134E4F}
	EndGlobalSection
EndGlobal
